
Microsoft Visual Studio Solution File, Format Version 12.00
# Visual Studio 15
VisualStudioVersion = 15.0.28307.1062
MinimumVisualStudioVersion = 10.0.40219.1
Project("{FAE04EC0-301F-11D3-BF4B-00C04F79EFBC}") = "12_PA09_izni", "12_PA09_izni\12_PA09_izni.csproj", "{A278833D-D48B-47EB-AC05-EFB7C9B7E416}"
EndProject
Global
	GlobalSection(SolutionConfigurationPlatforms) = preSolution
		Debug|Any CPU = Debug|Any CPU
		Release|Any CPU = Release|Any CPU
	EndGlobalSection
	GlobalSection(ProjectConfigurationPlatforms) = postSolution
		{A278833D-D48B-47EB-AC05-EFB7C9B7E416}.Debug|Any CPU.ActiveCfg = Debug|Any CPU
		{A278833D-D48B-47EB-AC05-EFB7C9B7E416}.Debug|Any CPU.Build.0 = Debug|Any CPU
		{A278833D-D48B-47EB-AC05-EFB7C9B7E416}.Release|Any CPU.ActiveCfg = Release|Any CPU
		{A278833D-D48B-47EB-AC05-EFB7C9B7E416}.Release|Any CPU.Build.0 = Release|Any CPU
	EndGlobalSection
	GlobalSection(SolutionProperties) = preSolution
		HideSolutionNode = FALSE
	EndGlobalSection
	GlobalSection(ExtensibilityGlobals) = postSolution
		SolutionGuid = {D5B70947-790C-4338-9CA0-7A36C59A7A34}
	EndGlobalSection
EndGlobal
